// !$*UTF8*$!
{
	archiveVersion = 1;
	classes = {
	};
	objectVersion = 56;
	objects = {

/* Begin PBXBuildFile section */
		A907EAEA62F8949A9CAB0143 /* Pods_posemodel_test2.framework in Frameworks */ = {isa = PBXBuildFile; fileRef = 94468B19E4EA550CABAFC2DD /* Pods_posemodel_test2.framework */; };
		F9A3432F2B4BE0C200466379 /* posemodel_test2App.swift in Sources */ = {isa = PBXBuildFile; fileRef = F9A3432E2B4BE0C200466379 /* posemodel_test2App.swift */; };
		F9A343312B4BE0C200466379 /* ContentView.swift in Sources */ = {isa = PBXBuildFile; fileRef = F9A343302B4BE0C200466379 /* ContentView.swift */; };
		F9A343332B4BE0C400466379 /* Assets.xcassets in Resources */ = {isa = PBXBuildFile; fileRef = F9A343322B4BE0C400466379 /* Assets.xcassets */; };
		F9A343362B4BE0C400466379 /* Preview Assets.xcassets in Resources */ = {isa = PBXBuildFile; fileRef = F9A343352B4BE0C400466379 /* Preview Assets.xcassets */; };
		F9A3433F2B4BEDBB00466379 /* efficientdet_lite0.tflite in Resources */ = {isa = PBXBuildFile; fileRef = F9A3433E2B4BED7F00466379 /* efficientdet_lite0.tflite */; };
		F9A343422B4BEE3C00466379 /* ObjectDetection.swift in Sources */ = {isa = PBXBuildFile; fileRef = F9A343412B4BEE3C00466379 /* ObjectDetection.swift */; };
		F9A343452B4D253F00466379 /* Draw.swift in Sources */ = {isa = PBXBuildFile; fileRef = F9A343442B4D253F00466379 /* Draw.swift */; };
/* End PBXBuildFile section */

/* Begin PBXFileReference section */
		2BBC9423D8797E3C0DBA488C /* Pods-posemodel_test2.debug.xcconfig */ = {isa = PBXFileReference; includeInIndex = 1; lastKnownFileType = text.xcconfig; name = "Pods-posemodel_test2.debug.xcconfig"; path = "Target Support Files/Pods-posemodel_test2/Pods-posemodel_test2.debug.xcconfig"; sourceTree = "<group>"; };
		3016207EDDD40A244D448940 /* Pods-posemodel_test2.release.xcconfig */ = {isa = PBXFileReference; includeInIndex = 1; lastKnownFileType = text.xcconfig; name = "Pods-posemodel_test2.release.xcconfig"; path = "Target Support Files/Pods-posemodel_test2/Pods-posemodel_test2.release.xcconfig"; sourceTree = "<group>"; };
		94468B19E4EA550CABAFC2DD /* Pods_posemodel_test2.framework */ = {isa = PBXFileReference; explicitFileType = wrapper.framework; includeInIndex = 0; path = Pods_posemodel_test2.framework; sourceTree = BUILT_PRODUCTS_DIR; };
		F9A3432B2B4BE0C200466379 /* posemodel_test2.app */ = {isa = PBXFileReference; explicitFileType = wrapper.application; includeInIndex = 0; path = posemodel_test2.app; sourceTree = BUILT_PRODUCTS_DIR; };
		F9A3432E2B4BE0C200466379 /* posemodel_test2App.swift */ = {isa = PBXFileReference; lastKnownFileType = sourcecode.swift; path = posemodel_test2App.swift; sourceTree = "<group>"; };
		F9A343302B4BE0C200466379 /* ContentView.swift */ = {isa = PBXFileReference; lastKnownFileType = sourcecode.swift; path = ContentView.swift; sourceTree = "<group>"; };
		F9A343322B4BE0C400466379 /* Assets.xcassets */ = {isa = PBXFileReference; lastKnownFileType = folder.assetcatalog; path = Assets.xcassets; sourceTree = "<group>"; };
		F9A343352B4BE0C400466379 /* Preview Assets.xcassets */ = {isa = PBXFileReference; lastKnownFileType = folder.assetcatalog; path = "Preview Assets.xcassets"; sourceTree = "<group>"; };
		F9A3433C2B4BE55D00466379 /* README.md */ = {isa = PBXFileReference; lastKnownFileType = net.daringfireball.markdown; path = README.md; sourceTree = "<group>"; };
		F9A3433E2B4BED7F00466379 /* efficientdet_lite0.tflite */ = {isa = PBXFileReference; lastKnownFileType = file; path = efficientdet_lite0.tflite; sourceTree = "<group>"; };
		F9A343412B4BEE3C00466379 /* ObjectDetection.swift */ = {isa = PBXFileReference; lastKnownFileType = sourcecode.swift; path = ObjectDetection.swift; sourceTree = "<group>"; };
		F9A343442B4D253F00466379 /* Draw.swift */ = {isa = PBXFileReference; lastKnownFileType = sourcecode.swift; path = Draw.swift; sourceTree = "<group>"; };
/* End PBXFileReference section */

/* Begin PBXFrameworksBuildPhase section */
		F9A343282B4BE0C200466379 /* Frameworks */ = {
			isa = PBXFrameworksBuildPhase;
			buildActionMask = 2147483647;
			files = (
				A907EAEA62F8949A9CAB0143 /* Pods_posemodel_test2.framework in Frameworks */,
			);
			runOnlyForDeploymentPostprocessing = 0;
		};
/* End PBXFrameworksBuildPhase section */

/* Begin PBXGroup section */
		0C89634AB6BFD354C311A95F /* Frameworks */ = {
			isa = PBXGroup;
			children = (
				94468B19E4EA550CABAFC2DD /* Pods_posemodel_test2.framework */,
			);
			name = Frameworks;
			sourceTree = "<group>";
		};
		A3797A216F6EA9FA6C2B1E46 /* Pods */ = {
			isa = PBXGroup;
			children = (
				2BBC9423D8797E3C0DBA488C /* Pods-posemodel_test2.debug.xcconfig */,
				3016207EDDD40A244D448940 /* Pods-posemodel_test2.release.xcconfig */,
			);
			path = Pods;
			sourceTree = "<group>";
		};
		F9A343222B4BE0C200466379 = {
			isa = PBXGroup;
			children = (
				F9A3433C2B4BE55D00466379 /* README.md */,
				F9A3432D2B4BE0C200466379 /* posemodel_test2 */,
				F9A3432C2B4BE0C200466379 /* Products */,
				A3797A216F6EA9FA6C2B1E46 /* Pods */,
				0C89634AB6BFD354C311A95F /* Frameworks */,
			);
			sourceTree = "<group>";
		};
		F9A3432C2B4BE0C200466379 /* Products */ = {
			isa = PBXGroup;
			children = (
				F9A3432B2B4BE0C200466379 /* posemodel_test2.app */,
			);
			name = Products;
			sourceTree = "<group>";
		};
		F9A3432D2B4BE0C200466379 /* posemodel_test2 */ = {
			isa = PBXGroup;
			children = (
				F9A343432B4D253500466379 /* Handle_Image */,
				F9A343402B4BEE2700466379 /* Analyzing */,
				F9A3433D2B4BED6C00466379 /* Models */,
				F9A3432E2B4BE0C200466379 /* posemodel_test2App.swift */,
				F9A343302B4BE0C200466379 /* ContentView.swift */,
				F9A343322B4BE0C400466379 /* Assets.xcassets */,
				F9A343342B4BE0C400466379 /* Preview Content */,
			);
			path = posemodel_test2;
			sourceTree = "<group>";
		};
		F9A343342B4BE0C400466379 /* Preview Content */ = {
			isa = PBXGroup;
			children = (
				F9A343352B4BE0C400466379 /* Preview Assets.xcassets */,
			);
			path = "Preview Content";
			sourceTree = "<group>";
		};
		F9A3433D2B4BED6C00466379 /* Models */ = {
			isa = PBXGroup;
			children = (
				F9A3433E2B4BED7F00466379 /* efficientdet_lite0.tflite */,
			);
			path = Models;
			sourceTree = "<group>";
		};
		F9A343402B4BEE2700466379 /* Analyzing */ = {
			isa = PBXGroup;
			children = (
				F9A343412B4BEE3C00466379 /* ObjectDetection.swift */,
			);
			path = Analyzing;
			sourceTree = "<group>";
		};
		F9A343432B4D253500466379 /* Handle_Image */ = {
			isa = PBXGroup;
			children = (
				F9A343442B4D253F00466379 /* Draw.swift */,
			);
			path = Handle_Image;
			sourceTree = "<group>";
		};
/* End PBXGroup section */

/* Begin PBXNativeTarget section */
		F9A3432A2B4BE0C200466379 /* posemodel_test2 */ = {
			isa = PBXNativeTarget;
			buildConfigurationList = F9A343392B4BE0C400466379 /* Build configuration list for PBXNativeTarget "posemodel_test2" */;
			buildPhases = (
				CA58AD65D19D194EABA21538 /* [CP] Check Pods Manifest.lock */,
				F9A343272B4BE0C200466379 /* Sources */,
				F9A343282B4BE0C200466379 /* Frameworks */,
				F9A343292B4BE0C200466379 /* Resources */,
			);
			buildRules = (
			);
			dependencies = (
			);
			name = posemodel_test2;
			productName = posemodel_test2;
			productReference = F9A3432B2B4BE0C200466379 /* posemodel_test2.app */;
			productType = "com.apple.product-type.application";
		};
/* End PBXNativeTarget section */

/* Begin PBXProject section */
		F9A343232B4BE0C200466379 /* Project object */ = {
			isa = PBXProject;
			attributes = {
				BuildIndependentTargetsInParallel = 1;
				LastSwiftUpdateCheck = 1510;
				LastUpgradeCheck = 1510;
				TargetAttributes = {
					F9A3432A2B4BE0C200466379 = {
						CreatedOnToolsVersion = 15.1;
					};
				};
			};
			buildConfigurationList = F9A343262B4BE0C200466379 /* Build configuration list for PBXProject "posemodel_test2" */;
			compatibilityVersion = "Xcode 14.0";
			developmentRegion = en;
			hasScannedForEncodings = 0;
			knownRegions = (
				en,
				Base,
			);
			mainGroup = F9A343222B4BE0C200466379;
			productRefGroup = F9A3432C2B4BE0C200466379 /* Products */;
			projectDirPath = "";
			projectRoot = "";
			targets = (
				F9A3432A2B4BE0C200466379 /* posemodel_test2 */,
			);
		};
/* End PBXProject section */

/* Begin PBXResourcesBuildPhase section */
		F9A343292B4BE0C200466379 /* Resources */ = {
			isa = PBXResourcesBuildPhase;
			buildActionMask = 2147483647;
			files = (
				F9A3433F2B4BEDBB00466379 /* efficientdet_lite0.tflite in Resources */,
				F9A343362B4BE0C400466379 /* Preview Assets.xcassets in Resources */,
				F9A343332B4BE0C400466379 /* Assets.xcassets in Resources */,
			);
			runOnlyForDeploymentPostprocessing = 0;
		};
/* End PBXResourcesBuildPhase section */

/* Begin PBXShellScriptBuildPhase section */
		CA58AD65D19D194EABA21538 /* [CP] Check Pods Manifest.lock */ = {
			isa = PBXShellScriptBuildPhase;
			buildActionMask = 2147483647;
			files = (
			);
			inputFileListPaths = (
			);
			inputPaths = (
				"${PODS_PODFILE_DIR_PATH}/Podfile.lock",
				"${PODS_ROOT}/Manifest.lock",
			);
			name = "[CP] Check Pods Manifest.lock";
			outputFileListPaths = (
			);
			outputPaths = (
				"$(DERIVED_FILE_DIR)/Pods-posemodel_test2-checkManifestLockResult.txt",
			);
			runOnlyForDeploymentPostprocessing = 0;
			shellPath = /bin/sh;
			shellScript = "diff \"${PODS_PODFILE_DIR_PATH}/Podfile.lock\" \"${PODS_ROOT}/Manifest.lock\" > /dev/null\nif [ $? != 0 ] ; then\n    # print error to STDERR\n    echo \"error: The sandbox is not in sync with the Podfile.lock. Run 'pod install' or update your CocoaPods installation.\" >&2\n    exit 1\nfi\n# This output is used by Xcode 'outputs' to avoid re-running this script phase.\necho \"SUCCESS\" > \"${SCRIPT_OUTPUT_FILE_0}\"\n";
			showEnvVarsInLog = 0;
		};
/* End PBXShellScriptBuildPhase section */

/* Begin PBXSourcesBuildPhase section */
		F9A343272B4BE0C200466379 /* Sources */ = {
			isa = PBXSourcesBuildPhase;
			buildActionMask = 2147483647;
			files = (
				F9A343422B4BEE3C00466379 /* ObjectDetection.swift in Sources */,
				F9A343452B4D253F00466379 /* Draw.swift in Sources */,
				F9A343312B4BE0C200466379 /* ContentView.swift in Sources */,
				F9A3432F2B4BE0C200466379 /* posemodel_test2App.swift in Sources */,
			);
			runOnlyForDeploymentPostprocessing = 0;
		};
/* End PBXSourcesBuildPhase section */

/* Begin XCBuildConfiguration section */
		F9A343372B4BE0C400466379 /* Debug */ = {
			isa = XCBuildConfiguration;
			buildSettings = {
				ALWAYS_SEARCH_USER_PATHS = NO;
				ASSETCATALOG_COMPILER_GENERATE_SWIFT_ASSET_SYMBOL_EXTENSIONS = YES;
				CLANG_ANALYZER_NONNULL = YES;
				CLANG_ANALYZER_NUMBER_OBJECT_CONVERSION = YES_AGGRESSIVE;
				CLANG_CXX_LANGUAGE_STANDARD = "gnu++20";
				CLANG_ENABLE_MODULES = YES;
				CLANG_ENABLE_OBJC_ARC = YES;
				CLANG_ENABLE_OBJC_WEAK = YES;
				CLANG_WARN_BLOCK_CAPTURE_AUTORELEASING = YES;
				CLANG_WARN_BOOL_CONVERSION = YES;
				CLANG_WARN_COMMA = YES;
				CLANG_WARN_CONSTANT_CONVERSION = YES;
				CLANG_WARN_DEPRECATED_OBJC_IMPLEMENTATIONS = YES;
				CLANG_WARN_DIRECT_OBJC_ISA_USAGE = YES_ERROR;
				CLANG_WARN_DOCUMENTATION_COMMENTS = YES;
				CLANG_WARN_EMPTY_BODY = YES;
				CLANG_WARN_ENUM_CONVERSION = YES;
				CLANG_WARN_INFINITE_RECURSION = YES;
				CLANG_WARN_INT_CONVERSION = YES;
				CLANG_WARN_NON_LITERAL_NULL_CONVERSION = YES;
				CLANG_WARN_OBJC_IMPLICIT_RETAIN_SELF = YES;
				CLANG_WARN_OBJC_LITERAL_CONVERSION = YES;
				CLANG_WARN_OBJC_ROOT_CLASS = YES_ERROR;
				CLANG_WARN_QUOTED_INCLUDE_IN_FRAMEWORK_HEADER = YES;
				CLANG_WARN_RANGE_LOOP_ANALYSIS = YES;
				CLANG_WARN_STRICT_PROTOTYPES = YES;
				CLANG_WARN_SUSPICIOUS_MOVE = YES;
				CLANG_WARN_UNGUARDED_AVAILABILITY = YES_AGGRESSIVE;
				CLANG_WARN_UNREACHABLE_CODE = YES;
				CLANG_WARN__DUPLICATE_METHOD_MATCH = YES;
				COPY_PHASE_STRIP = NO;
				DEBUG_INFORMATION_FORMAT = dwarf;
				ENABLE_STRICT_OBJC_MSGSEND = YES;
				ENABLE_TESTABILITY = YES;
				ENABLE_USER_SCRIPT_SANDBOXING = YES;
				GCC_C_LANGUAGE_STANDARD = gnu17;
				GCC_DYNAMIC_NO_PIC = NO;
				GCC_NO_COMMON_BLOCKS = YES;
				GCC_OPTIMIZATION_LEVEL = 0;
				GCC_PREPROCESSOR_DEFINITIONS = (
					"DEBUG=1",
					"$(inherited)",
				);
				GCC_WARN_64_TO_32_BIT_CONVERSION = YES;
				GCC_WARN_ABOUT_RETURN_TYPE = YES_ERROR;
				GCC_WARN_UNDECLARED_SELECTOR = YES;
				GCC_WARN_UNINITIALIZED_AUTOS = YES_AGGRESSIVE;
				GCC_WARN_UNUSED_FUNCTION = YES;
				GCC_WARN_UNUSED_VARIABLE = YES;
				IPHONEOS_DEPLOYMENT_TARGET = 17.2;
				LOCALIZATION_PREFERS_STRING_CATALOGS = YES;
				MTL_ENABLE_DEBUG_INFO = INCLUDE_SOURCE;
				MTL_FAST_MATH = YES;
				ONLY_ACTIVE_ARCH = YES;
				SDKROOT = iphoneos;
				SWIFT_ACTIVE_COMPILATION_CONDITIONS = "DEBUG $(inherited)";
				SWIFT_OPTIMIZATION_LEVEL = "-Onone";
			};
			name = Debug;
		};
		F9A343382B4BE0C400466379 /* Release */ = {
			isa = XCBuildConfiguration;
			buildSettings = {
				ALWAYS_SEARCH_USER_PATHS = NO;
				ASSETCATALOG_COMPILER_GENERATE_SWIFT_ASSET_SYMBOL_EXTENSIONS = YES;
				CLANG_ANALYZER_NONNULL = YES;
				CLANG_ANALYZER_NUMBER_OBJECT_CONVERSION = YES_AGGRESSIVE;
				CLANG_CXX_LANGUAGE_STANDARD = "gnu++20";
				CLANG_ENABLE_MODULES = YES;
				CLANG_ENABLE_OBJC_ARC = YES;
				CLANG_ENABLE_OBJC_WEAK = YES;
				CLANG_WARN_BLOCK_CAPTURE_AUTORELEASING = YES;
				CLANG_WARN_BOOL_CONVERSION = YES;
				CLANG_WARN_COMMA = YES;
				CLANG_WARN_CONSTANT_CONVERSION = YES;
				CLANG_WARN_DEPRECATED_OBJC_IMPLEMENTATIONS = YES;
				CLANG_WARN_DIRECT_OBJC_ISA_USAGE = YES_ERROR;
				CLANG_WARN_DOCUMENTATION_COMMENTS = YES;
				CLANG_WARN_EMPTY_BODY = YES;
				CLANG_WARN_ENUM_CONVERSION = YES;
				CLANG_WARN_INFINITE_RECURSION = YES;
				CLANG_WARN_INT_CONVERSION = YES;
				CLANG_WARN_NON_LITERAL_NULL_CONVERSION = YES;
				CLANG_WARN_OBJC_IMPLICIT_RETAIN_SELF = YES;
				CLANG_WARN_OBJC_LITERAL_CONVERSION = YES;
				CLANG_WARN_OBJC_ROOT_CLASS = YES_ERROR;
				CLANG_WARN_QUOTED_INCLUDE_IN_FRAMEWORK_HEADER = YES;
				CLANG_WARN_RANGE_LOOP_ANALYSIS = YES;
				CLANG_WARN_STRICT_PROTOTYPES = YES;
				CLANG_WARN_SUSPICIOUS_MOVE = YES;
				CLANG_WARN_UNGUARDED_AVAILABILITY = YES_AGGRESSIVE;
				CLANG_WARN_UNREACHABLE_CODE = YES;
				CLANG_WARN__DUPLICATE_METHOD_MATCH = YES;
				COPY_PHASE_STRIP = NO;
				DEBUG_INFORMATION_FORMAT = "dwarf-with-dsym";
				ENABLE_NS_ASSERTIONS = NO;
				ENABLE_STRICT_OBJC_MSGSEND = YES;
				ENABLE_USER_SCRIPT_SANDBOXING = YES;
				GCC_C_LANGUAGE_STANDARD = gnu17;
				GCC_NO_COMMON_BLOCKS = YES;
				GCC_WARN_64_TO_32_BIT_CONVERSION = YES;
				GCC_WARN_ABOUT_RETURN_TYPE = YES_ERROR;
				GCC_WARN_UNDECLARED_SELECTOR = YES;
				GCC_WARN_UNINITIALIZED_AUTOS = YES_AGGRESSIVE;
				GCC_WARN_UNUSED_FUNCTION = YES;
				GCC_WARN_UNUSED_VARIABLE = YES;
				IPHONEOS_DEPLOYMENT_TARGET = 17.2;
				LOCALIZATION_PREFERS_STRING_CATALOGS = YES;
				MTL_ENABLE_DEBUG_INFO = NO;
				MTL_FAST_MATH = YES;
				SDKROOT = iphoneos;
				SWIFT_COMPILATION_MODE = wholemodule;
				VALIDATE_PRODUCT = YES;
			};
			name = Release;
		};
		F9A3433A2B4BE0C400466379 /* Debug */ = {
			isa = XCBuildConfiguration;
			baseConfigurationReference = 2BBC9423D8797E3C0DBA488C /* Pods-posemodel_test2.debug.xcconfig */;
			buildSettings = {
				ASSETCATALOG_COMPILER_APPICON_NAME = AppIcon;
				ASSETCATALOG_COMPILER_GLOBAL_ACCENT_COLOR_NAME = AccentColor;
				CODE_SIGN_STYLE = Automatic;
				CURRENT_PROJECT_VERSION = 1;
				DEVELOPMENT_ASSET_PATHS = "\"posemodel_test2/Preview Content\"";
				DEVELOPMENT_TEAM = U4Y7RDC2H9;
				ENABLE_PREVIEWS = YES;
				GENERATE_INFOPLIST_FILE = YES;
				INFOPLIST_KEY_UIApplicationSceneManifest_Generation = YES;
				INFOPLIST_KEY_UIApplicationSupportsIndirectInputEvents = YES;
				INFOPLIST_KEY_UILaunchScreen_Generation = YES;
				INFOPLIST_KEY_UISupportedInterfaceOrientations_iPad = "UIInterfaceOrientationPortrait UIInterfaceOrientationPortraitUpsideDown UIInterfaceOrientationLandscapeLeft UIInterfaceOrientationLandscapeRight";
				INFOPLIST_KEY_UISupportedInterfaceOrientations_iPhone = "UIInterfaceOrientationPortrait UIInterfaceOrientationLandscapeLeft UIInterfaceOrientationLandscapeRight";
				LD_RUNPATH_SEARCH_PATHS = (
					"$(inherited)",
					"@executable_path/Frameworks",
				);
				MARKETING_VERSION = 1.0;
				PRODUCT_BUNDLE_IDENTIFIER = "com.hajunmyoung.posemodel-test2";
				PRODUCT_NAME = "$(TARGET_NAME)";
				SWIFT_EMIT_LOC_STRINGS = YES;
				SWIFT_VERSION = 5.0;
				TARGETED_DEVICE_FAMILY = "1,2";
			};
			name = Debug;
		};
		F9A3433B2B4BE0C400466379 /* Release */ = {
			isa = XCBuildConfiguration;
			baseConfigurationReference = 3016207EDDD40A244D448940 /* Pods-posemodel_test2.release.xcconfig */;
			buildSettings = {
				ASSETCATALOG_COMPILER_APPICON_NAME = AppIcon;
				ASSETCATALOG_COMPILER_GLOBAL_ACCENT_COLOR_NAME = AccentColor;
				CODE_SIGN_STYLE = Automatic;
				CURRENT_PROJECT_VERSION = 1;
				DEVELOPMENT_ASSET_PATHS = "\"posemodel_test2/Preview Content\"";
				DEVELOPMENT_TEAM = U4Y7RDC2H9;
				ENABLE_PREVIEWS = YES;
				GENERATE_INFOPLIST_FILE = YES;
				INFOPLIST_KEY_UIApplicationSceneManifest_Generation = YES;
				INFOPLIST_KEY_UIApplicationSupportsIndirectInputEvents = YES;
				INFOPLIST_KEY_UILaunchScreen_Generation = YES;
				INFOPLIST_KEY_UISupportedInterfaceOrientations_iPad = "UIInterfaceOrientationPortrait UIInterfaceOrientationPortraitUpsideDown UIInterfaceOrientationLandscapeLeft UIInterfaceOrientationLandscapeRight";
				INFOPLIST_KEY_UISupportedInterfaceOrientations_iPhone = "UIInterfaceOrientationPortrait UIInterfaceOrientationLandscapeLeft UIInterfaceOrientationLandscapeRight";
				LD_RUNPATH_SEARCH_PATHS = (
					"$(inherited)",
					"@executable_path/Frameworks",
				);
				MARKETING_VERSION = 1.0;
				PRODUCT_BUNDLE_IDENTIFIER = "com.hajunmyoung.posemodel-test2";
				PRODUCT_NAME = "$(TARGET_NAME)";
				SWIFT_EMIT_LOC_STRINGS = YES;
				SWIFT_VERSION = 5.0;
				TARGETED_DEVICE_FAMILY = "1,2";
			};
			name = Release;
		};
/* End XCBuildConfiguration section */

/* Begin XCConfigurationList section */
		F9A343262B4BE0C200466379 /* Build configuration list for PBXProject "posemodel_test2" */ = {
			isa = XCConfigurationList;
			buildConfigurations = (
				F9A343372B4BE0C400466379 /* Debug */,
				F9A343382B4BE0C400466379 /* Release */,
			);
			defaultConfigurationIsVisible = 0;
			defaultConfigurationName = Release;
		};
		F9A343392B4BE0C400466379 /* Build configuration list for PBXNativeTarget "posemodel_test2" */ = {
			isa = XCConfigurationList;
			buildConfigurations = (
				F9A3433A2B4BE0C400466379 /* Debug */,
				F9A3433B2B4BE0C400466379 /* Release */,
			);
			defaultConfigurationIsVisible = 0;
			defaultConfigurationName = Release;
		};
/* End XCConfigurationList section */
	};
	rootObject = F9A343232B4BE0C200466379 /* Project object */;
}
