PODS:
  - MediaPipeTasksCommon (0.10.9)
  - MediaPipeTasksVision (0.10.9):
    - MediaPipeTasksCommon (= 0.10.9)

DEPENDENCIES:
  - MediaPipeTasksVision

SPEC REPOS:
  trunk:
    - MediaPipeTasksCommon
    - MediaPipeTasksVision

SPEC CHECKSUMS:
  MediaPipeTasksCommon: c97fece495f7d4d454230d7894052aa73830244c
  MediaPipeTasksVision: a0a929c7818c142078e93bc271720100f53e3c3d

PODFILE CHECKSUM: d97133c6745f2a9354f9f716e7e73ae725ea5353

COCOAPODS: 1.14.3
